
Microsoft Visual Studio Solution File, Format Version 12.00
# Visual Studio Version 17
VisualStudioVersion = 17.8.34408.163
MinimumVisualStudioVersion = 10.0.40219.1
Project("{FAE04EC0-301F-11D3-BF4B-00C04F79EFBC}") = "JobPlatform", "JobPlatform\JobPlatform.csproj", "{B34F5C87-50AE-479D-B219-4910A54BFBCE}"
EndProject
Global
	GlobalSection(SolutionConfigurationPlatforms) = preSolution
		Debug|Any CPU = Debug|Any CPU
		Release|Any CPU = Release|Any CPU
	EndGlobalSection
	GlobalSection(ProjectConfigurationPlatforms) = postSolution
		{B34F5C87-50AE-479D-B219-4910A54BFBCE}.Debug|Any CPU.ActiveCfg = Debug|Any CPU
		{B34F5C87-50AE-479D-B219-4910A54BFBCE}.Debug|Any CPU.Build.0 = Debug|Any CPU
		{B34F5C87-50AE-479D-B219-4910A54BFBCE}.Release|Any CPU.ActiveCfg = Release|Any CPU
		{B34F5C87-50AE-479D-B219-4910A54BFBCE}.Release|Any CPU.Build.0 = Release|Any CPU
	EndGlobalSection
	GlobalSection(SolutionProperties) = preSolution
		HideSolutionNode = FALSE
	EndGlobalSection
	GlobalSection(ExtensibilityGlobals) = postSolution
		SolutionGuid = {AB604363-4FC4-44CB-8EA5-981298B106A1}
	EndGlobalSection
EndGlobal
